
Microsoft Visual Studio Solution File, Format Version 12.00
# Visual Studio Version 16
VisualStudioVersion = 16.0.30114.105
MinimumVisualStudioVersion = 10.0.40219.1
Project("{FAE04EC0-301F-11D3-BF4B-00C04F79EFBC}") = "FoodForWeek", "FoodForWeek\FoodForWeek.csproj", "{F77A9076-C07C-421D-A070-464488F12969}"
EndProject
Project("{FAE04EC0-301F-11D3-BF4B-00C04F79EFBC}") = "FoodForWeek.BL", "FoodForWeek.BL\FoodForWeek.BL.csproj", "{F403DF95-4A22-42A7-9F0F-D1EA3CC6F392}"
EndProject
Project("{FAE04EC0-301F-11D3-BF4B-00C04F79EFBC}") = "FoodForWeek.DAL", "FoodForWeek.DAL\FoodForWeek.DAL.csproj", "{50E2A12E-D5D8-4E7A-8527-1977B544B7E3}"
EndProject
Project("{FAE04EC0-301F-11D3-BF4B-00C04F79EFBC}") = "FoodForWeek.Tests", "FoodForWeek.Tests\FoodForWeek.Tests.csproj", "{1AAC0AFE-1410-48E8-8672-9EEA32EC2F6B}"
EndProject
Global
	GlobalSection(SolutionConfigurationPlatforms) = preSolution
		Debug|Any CPU = Debug|Any CPU
		Debug|x64 = Debug|x64
		Debug|x86 = Debug|x86
		Release|Any CPU = Release|Any CPU
		Release|x64 = Release|x64
		Release|x86 = Release|x86
	EndGlobalSection
	GlobalSection(SolutionProperties) = preSolution
		HideSolutionNode = FALSE
	EndGlobalSection
	GlobalSection(ProjectConfigurationPlatforms) = postSolution
		{F77A9076-C07C-421D-A070-464488F12969}.Debug|Any CPU.ActiveCfg = Debug|Any CPU
		{F77A9076-C07C-421D-A070-464488F12969}.Debug|Any CPU.Build.0 = Debug|Any CPU
		{F77A9076-C07C-421D-A070-464488F12969}.Debug|x64.ActiveCfg = Debug|Any CPU
		{F77A9076-C07C-421D-A070-464488F12969}.Debug|x64.Build.0 = Debug|Any CPU
		{F77A9076-C07C-421D-A070-464488F12969}.Debug|x86.ActiveCfg = Debug|Any CPU
		{F77A9076-C07C-421D-A070-464488F12969}.Debug|x86.Build.0 = Debug|Any CPU
		{F77A9076-C07C-421D-A070-464488F12969}.Release|Any CPU.ActiveCfg = Release|Any CPU
		{F77A9076-C07C-421D-A070-464488F12969}.Release|Any CPU.Build.0 = Release|Any CPU
		{F77A9076-C07C-421D-A070-464488F12969}.Release|x64.ActiveCfg = Release|Any CPU
		{F77A9076-C07C-421D-A070-464488F12969}.Release|x64.Build.0 = Release|Any CPU
		{F77A9076-C07C-421D-A070-464488F12969}.Release|x86.ActiveCfg = Release|Any CPU
		{F77A9076-C07C-421D-A070-464488F12969}.Release|x86.Build.0 = Release|Any CPU
		{F403DF95-4A22-42A7-9F0F-D1EA3CC6F392}.Debug|Any CPU.ActiveCfg = Debug|Any CPU
		{F403DF95-4A22-42A7-9F0F-D1EA3CC6F392}.Debug|Any CPU.Build.0 = Debug|Any CPU
		{F403DF95-4A22-42A7-9F0F-D1EA3CC6F392}.Debug|x64.ActiveCfg = Debug|Any CPU
		{F403DF95-4A22-42A7-9F0F-D1EA3CC6F392}.Debug|x64.Build.0 = Debug|Any CPU
		{F403DF95-4A22-42A7-9F0F-D1EA3CC6F392}.Debug|x86.ActiveCfg = Debug|Any CPU
		{F403DF95-4A22-42A7-9F0F-D1EA3CC6F392}.Debug|x86.Build.0 = Debug|Any CPU
		{F403DF95-4A22-42A7-9F0F-D1EA3CC6F392}.Release|Any CPU.ActiveCfg = Release|Any CPU
		{F403DF95-4A22-42A7-9F0F-D1EA3CC6F392}.Release|Any CPU.Build.0 = Release|Any CPU
		{F403DF95-4A22-42A7-9F0F-D1EA3CC6F392}.Release|x64.ActiveCfg = Release|Any CPU
		{F403DF95-4A22-42A7-9F0F-D1EA3CC6F392}.Release|x64.Build.0 = Release|Any CPU
		{F403DF95-4A22-42A7-9F0F-D1EA3CC6F392}.Release|x86.ActiveCfg = Release|Any CPU
		{F403DF95-4A22-42A7-9F0F-D1EA3CC6F392}.Release|x86.Build.0 = Release|Any CPU
		{50E2A12E-D5D8-4E7A-8527-1977B544B7E3}.Debug|Any CPU.ActiveCfg = Debug|Any CPU
		{50E2A12E-D5D8-4E7A-8527-1977B544B7E3}.Debug|Any CPU.Build.0 = Debug|Any CPU
		{50E2A12E-D5D8-4E7A-8527-1977B544B7E3}.Debug|x64.ActiveCfg = Debug|Any CPU
		{50E2A12E-D5D8-4E7A-8527-1977B544B7E3}.Debug|x64.Build.0 = Debug|Any CPU
		{50E2A12E-D5D8-4E7A-8527-1977B544B7E3}.Debug|x86.ActiveCfg = Debug|Any CPU
		{50E2A12E-D5D8-4E7A-8527-1977B544B7E3}.Debug|x86.Build.0 = Debug|Any CPU
		{50E2A12E-D5D8-4E7A-8527-1977B544B7E3}.Release|Any CPU.ActiveCfg = Release|Any CPU
		{50E2A12E-D5D8-4E7A-8527-1977B544B7E3}.Release|Any CPU.Build.0 = Release|Any CPU
		{50E2A12E-D5D8-4E7A-8527-1977B544B7E3}.Release|x64.ActiveCfg = Release|Any CPU
		{50E2A12E-D5D8-4E7A-8527-1977B544B7E3}.Release|x64.Build.0 = Release|Any CPU
		{50E2A12E-D5D8-4E7A-8527-1977B544B7E3}.Release|x86.ActiveCfg = Release|Any CPU
		{50E2A12E-D5D8-4E7A-8527-1977B544B7E3}.Release|x86.Build.0 = Release|Any CPU
		{1AAC0AFE-1410-48E8-8672-9EEA32EC2F6B}.Debug|Any CPU.ActiveCfg = Debug|Any CPU
		{1AAC0AFE-1410-48E8-8672-9EEA32EC2F6B}.Debug|Any CPU.Build.0 = Debug|Any CPU
		{1AAC0AFE-1410-48E8-8672-9EEA32EC2F6B}.Debug|x64.ActiveCfg = Debug|Any CPU
		{1AAC0AFE-1410-48E8-8672-9EEA32EC2F6B}.Debug|x64.Build.0 = Debug|Any CPU
		{1AAC0AFE-1410-48E8-8672-9EEA32EC2F6B}.Debug|x86.ActiveCfg = Debug|Any CPU
		{1AAC0AFE-1410-48E8-8672-9EEA32EC2F6B}.Debug|x86.Build.0 = Debug|Any CPU
		{1AAC0AFE-1410-48E8-8672-9EEA32EC2F6B}.Release|Any CPU.ActiveCfg = Release|Any CPU
		{1AAC0AFE-1410-48E8-8672-9EEA32EC2F6B}.Release|Any CPU.Build.0 = Release|Any CPU
		{1AAC0AFE-1410-48E8-8672-9EEA32EC2F6B}.Release|x64.ActiveCfg = Release|Any CPU
		{1AAC0AFE-1410-48E8-8672-9EEA32EC2F6B}.Release|x64.Build.0 = Release|Any CPU
		{1AAC0AFE-1410-48E8-8672-9EEA32EC2F6B}.Release|x86.ActiveCfg = Release|Any CPU
		{1AAC0AFE-1410-48E8-8672-9EEA32EC2F6B}.Release|x86.Build.0 = Release|Any CPU
	EndGlobalSection
EndGlobal
